// !$*UTF8*$!
{
	archiveVersion = 1;
	classes = {
	};
	objectVersion = 46;
	objects = {

/* Begin PBXAggregateTarget section */
		088DCADC1874B772004F1019 /* OCLint */ = {
			isa = PBXAggregateTarget;
			buildConfigurationList = 088DCADF1874B772004F1019 /* Build configuration list for PBXAggregateTarget "OCLint" */;
			buildPhases = (
				088DCAE01874B77A004F1019 /* ShellScript */,
			);
			dependencies = (
			);
			name = OCLint;
			productName = OCLint;
		};
/* End PBXAggregateTarget section */

/* Begin PBXBuildFile section */
		08068ED21505A59700FA2D8F /* MKTTestLocation.m in Sources */ = {isa = PBXBuildFile; fileRef = 08068ED11505A59700FA2D8F /* MKTTestLocation.m */; };
		08068ED31505A59700FA2D8F /* MKTTestLocation.m in Sources */ = {isa = PBXBuildFile; fileRef = 08068ED11505A59700FA2D8F /* MKTTestLocation.m */; };
		0827E83D1352B1AE00C39A57 /* OCMockito.h in Headers */ = {isa = PBXBuildFile; fileRef = 0827E83313526E7300C39A57 /* OCMockito.h */; settings = {ATTRIBUTES = (Public, ); }; };
		0827E83F1352B1C000C39A57 /* OCMockito.h in Headers */ = {isa = PBXBuildFile; fileRef = 0827E83313526E7300C39A57 /* OCMockito.h */; settings = {ATTRIBUTES = (Public, ); }; };
		0827E8421352B6FC00C39A57 /* MKTMockitoCore.h in Headers */ = {isa = PBXBuildFile; fileRef = 0827E8401352B6FC00C39A57 /* MKTMockitoCore.h */; };
		0827E8431352B6FC00C39A57 /* MKTMockitoCore.h in Headers */ = {isa = PBXBuildFile; fileRef = 0827E8401352B6FC00C39A57 /* MKTMockitoCore.h */; };
		0827E8441352B6FC00C39A57 /* MKTMockitoCore.m in Sources */ = {isa = PBXBuildFile; fileRef = 0827E8411352B6FC00C39A57 /* MKTMockitoCore.m */; };
		0827E8451352B6FC00C39A57 /* MKTMockitoCore.m in Sources */ = {isa = PBXBuildFile; fileRef = 0827E8411352B6FC00C39A57 /* MKTMockitoCore.m */; };
		0827E8481352B7BF00C39A57 /* MKTMockingProgress.h in Headers */ = {isa = PBXBuildFile; fileRef = 0827E8461352B7BE00C39A57 /* MKTMockingProgress.h */; };
		0827E8491352B7BF00C39A57 /* MKTMockingProgress.h in Headers */ = {isa = PBXBuildFile; fileRef = 0827E8461352B7BE00C39A57 /* MKTMockingProgress.h */; };
		0827E84A1352B7BF00C39A57 /* MKTMockingProgress.m in Sources */ = {isa = PBXBuildFile; fileRef = 0827E8471352B7BF00C39A57 /* MKTMockingProgress.m */; };
		0827E84B1352B7BF00C39A57 /* MKTMockingProgress.m in Sources */ = {isa = PBXBuildFile; fileRef = 0827E8471352B7BF00C39A57 /* MKTMockingProgress.m */; };
		0827E8531352BBBC00C39A57 /* MKTVerificationMode.h in Headers */ = {isa = PBXBuildFile; fileRef = 0827E8521352BBBC00C39A57 /* MKTVerificationMode.h */; };
		0827E8541352BBBC00C39A57 /* MKTVerificationMode.h in Headers */ = {isa = PBXBuildFile; fileRef = 0827E8521352BBBC00C39A57 /* MKTVerificationMode.h */; };
		0827E8561352BC1D00C39A57 /* MKTVerificationData.h in Headers */ = {isa = PBXBuildFile; fileRef = 0827E8551352BC1D00C39A57 /* MKTVerificationData.h */; };
		0827E8571352BC1D00C39A57 /* MKTVerificationData.h in Headers */ = {isa = PBXBuildFile; fileRef = 0827E8551352BC1D00C39A57 /* MKTVerificationData.h */; };
		0827E8651352C50400C39A57 /* MKTTestLocation.h in Headers */ = {isa = PBXBuildFile; fileRef = 0827E8641352C50400C39A57 /* MKTTestLocation.h */; };
		0827E8661352C50400C39A57 /* MKTTestLocation.h in Headers */ = {isa = PBXBuildFile; fileRef = 0827E8641352C50400C39A57 /* MKTTestLocation.h */; };
		0827E8691352CC6400C39A57 /* MKTExactTimes.h in Headers */ = {isa = PBXBuildFile; fileRef = 0827E8671352CC6400C39A57 /* MKTExactTimes.h */; };
		0827E86A1352CC6400C39A57 /* MKTExactTimes.h in Headers */ = {isa = PBXBuildFile; fileRef = 0827E8671352CC6400C39A57 /* MKTExactTimes.h */; };
		0827E86B1352CC6400C39A57 /* MKTExactTimes.m in Sources */ = {isa = PBXBuildFile; fileRef = 0827E8681352CC6400C39A57 /* MKTExactTimes.m */; };
		0827E86C1352CC6400C39A57 /* MKTExactTimes.m in Sources */ = {isa = PBXBuildFile; fileRef = 0827E8681352CC6400C39A57 /* MKTExactTimes.m */; };
		0827E86E1353E30400C39A57 /* MKTVerificationData.m in Sources */ = {isa = PBXBuildFile; fileRef = 0827E86D1353E30400C39A57 /* MKTVerificationData.m */; };
		0827E86F1353E30400C39A57 /* MKTVerificationData.m in Sources */ = {isa = PBXBuildFile; fileRef = 0827E86D1353E30400C39A57 /* MKTVerificationData.m */; };
		0827E8721353EAD900C39A57 /* MKTInvocationContainer.h in Headers */ = {isa = PBXBuildFile; fileRef = 0827E8701353EAD900C39A57 /* MKTInvocationContainer.h */; };
		0827E8731353EAD900C39A57 /* MKTInvocationContainer.h in Headers */ = {isa = PBXBuildFile; fileRef = 0827E8701353EAD900C39A57 /* MKTInvocationContainer.h */; };
		0827E8741353EAD900C39A57 /* MKTInvocationContainer.m in Sources */ = {isa = PBXBuildFile; fileRef = 0827E8711353EAD900C39A57 /* MKTInvocationContainer.m */; };
		0827E8751353EAD900C39A57 /* MKTInvocationContainer.m in Sources */ = {isa = PBXBuildFile; fileRef = 0827E8711353EAD900C39A57 /* MKTInvocationContainer.m */; };
		085A8BC7150718E30018EC66 /* MKTProtocolMockTest.m in Sources */ = {isa = PBXBuildFile; fileRef = 085A8BC6150718E30018EC66 /* MKTProtocolMockTest.m */; };
		085A8BC8150718E30018EC66 /* MKTProtocolMockTest.m in Sources */ = {isa = PBXBuildFile; fileRef = 085A8BC6150718E30018EC66 /* MKTProtocolMockTest.m */; };
		085A8BCB15071F7B0018EC66 /* MKTProtocolMock.h in Headers */ = {isa = PBXBuildFile; fileRef = 085A8BC915071F7A0018EC66 /* MKTProtocolMock.h */; settings = {ATTRIBUTES = (Public, ); }; };
		085A8BCC15071F7B0018EC66 /* MKTProtocolMock.h in Headers */ = {isa = PBXBuildFile; fileRef = 085A8BC915071F7A0018EC66 /* MKTProtocolMock.h */; settings = {ATTRIBUTES = (Public, ); }; };
		085A8BCD15071F7B0018EC66 /* MKTProtocolMock.m in Sources */ = {isa = PBXBuildFile; fileRef = 085A8BCA15071F7A0018EC66 /* MKTProtocolMock.m */; };
		085A8BCE15071F7B0018EC66 /* MKTProtocolMock.m in Sources */ = {isa = PBXBuildFile; fileRef = 085A8BCA15071F7A0018EC66 /* MKTProtocolMock.m */; };
		085CE8F5172A1BCA004D070D /* BlockMatchingTest.m in Sources */ = {isa = PBXBuildFile; fileRef = 085CE8F1172A0D43004D070D /* BlockMatchingTest.m */; };
		085CE8F6172A1BCC004D070D /* BlockMatchingTest.m in Sources */ = {isa = PBXBuildFile; fileRef = 085CE8F1172A0D43004D070D /* BlockMatchingTest.m */; };
		085D2FB21351080400EBBE91 /* VerifyObjectTest.m in Sources */ = {isa = PBXBuildFile; fileRef = 085D2FB11351080400EBBE91 /* VerifyObjectTest.m */; };
		085D2FB51351082800EBBE91 /* MKTObjectMock.h in Headers */ = {isa = PBXBuildFile; fileRef = 085D2FB31351082800EBBE91 /* MKTObjectMock.h */; settings = {ATTRIBUTES = (Public, ); }; };
		085D2FB61351082800EBBE91 /* MKTObjectMock.m in Sources */ = {isa = PBXBuildFile; fileRef = 085D2FB41351082800EBBE91 /* MKTObjectMock.m */; };
		085D2FB71351087400EBBE91 /* Foundation.framework in Frameworks */ = {isa = PBXBuildFile; fileRef = 08BDD5B11350C59C00E5A443 /* Foundation.framework */; };
		085D2FB81351087500EBBE91 /* Foundation.framework in Frameworks */ = {isa = PBXBuildFile; fileRef = 08BDD5B11350C59C00E5A443 /* Foundation.framework */; };
		085D2FF61351254000EBBE91 /* Foundation.framework in Frameworks */ = {isa = PBXBuildFile; fileRef = 08BDD5B11350C59C00E5A443 /* Foundation.framework */; };
		085D30021351254000EBBE91 /* Foundation.framework in Frameworks */ = {isa = PBXBuildFile; fileRef = 08BDD5B11350C59C00E5A443 /* Foundation.framework */; };
		085D30071351254000EBBE91 /* libocmockito.a in Frameworks */ = {isa = PBXBuildFile; fileRef = 085D2FF51351254000EBBE91 /* libocmockito.a */; };
		085D301F1351267D00EBBE91 /* MKTObjectMock.m in Sources */ = {isa = PBXBuildFile; fileRef = 085D2FB41351082800EBBE91 /* MKTObjectMock.m */; };
		085D3020135126BC00EBBE91 /* VerifyObjectTest.m in Sources */ = {isa = PBXBuildFile; fileRef = 085D2FB11351080400EBBE91 /* VerifyObjectTest.m */; };
		085EECD9146A4D52001CF010 /* OCMockito.m in Sources */ = {isa = PBXBuildFile; fileRef = 0827E83413526E7300C39A57 /* OCMockito.m */; };
		085EECDA146A4D53001CF010 /* OCMockito.m in Sources */ = {isa = PBXBuildFile; fileRef = 0827E83413526E7300C39A57 /* OCMockito.m */; };
		086F86E8146A41350050F00E /* MKTObjectMock.h in Headers */ = {isa = PBXBuildFile; fileRef = 085D2FB31351082800EBBE91 /* MKTObjectMock.h */; settings = {ATTRIBUTES = (Public, ); }; };
		089A8C2313552DE7003E7D27 /* MKTObjectMockTest.m in Sources */ = {isa = PBXBuildFile; fileRef = 089A8C2213552DE7003E7D27 /* MKTObjectMockTest.m */; };
		089A8C2413552DE7003E7D27 /* MKTObjectMockTest.m in Sources */ = {isa = PBXBuildFile; fileRef = 089A8C2213552DE7003E7D27 /* MKTObjectMockTest.m */; };
		089A8C3213555D0C003E7D27 /* StubObjectTest.m in Sources */ = {isa = PBXBuildFile; fileRef = 089A8C3113555D0C003E7D27 /* StubObjectTest.m */; };
		089A8C3313555D0C003E7D27 /* StubObjectTest.m in Sources */ = {isa = PBXBuildFile; fileRef = 089A8C3113555D0C003E7D27 /* StubObjectTest.m */; };
		089A8C361356A7BB003E7D27 /* MKTOngoingStubbing.h in Headers */ = {isa = PBXBuildFile; fileRef = 089A8C341356A7BA003E7D27 /* MKTOngoingStubbing.h */; settings = {ATTRIBUTES = (Public, ); }; };
		089A8C371356A7BB003E7D27 /* MKTOngoingStubbing.h in Headers */ = {isa = PBXBuildFile; fileRef = 089A8C341356A7BA003E7D27 /* MKTOngoingStubbing.h */; settings = {ATTRIBUTES = (Public, ); }; };
		089A8C381356A7BB003E7D27 /* MKTOngoingStubbing.m in Sources */ = {isa = PBXBuildFile; fileRef = 089A8C351356A7BB003E7D27 /* MKTOngoingStubbing.m */; };
		089A8C391356A7BB003E7D27 /* MKTOngoingStubbing.m in Sources */ = {isa = PBXBuildFile; fileRef = 089A8C351356A7BB003E7D27 /* MKTOngoingStubbing.m */; };
		08BDD5C21350C59C00E5A443 /* OCMockito.framework in Frameworks */ = {isa = PBXBuildFile; fileRef = 08BDD5A91350C59C00E5A443 /* OCMockito.framework */; };
		08C0A5A817FBDF6C00E76992 /* ArgumentCaptorTest.m in Sources */ = {isa = PBXBuildFile; fileRef = 08C0A5A717FBDF6C00E76992 /* ArgumentCaptorTest.m */; };
		08C0A5A917FBDF6C00E76992 /* ArgumentCaptorTest.m in Sources */ = {isa = PBXBuildFile; fileRef = 08C0A5A717FBDF6C00E76992 /* ArgumentCaptorTest.m */; };
		08C0A5AB17FD0DAA00E76992 /* MKTCapturingMatcherTest.m in Sources */ = {isa = PBXBuildFile; fileRef = 08C0A5AA17FD0DAA00E76992 /* MKTCapturingMatcherTest.m */; };
		08C0A5AC17FD0DAA00E76992 /* MKTCapturingMatcherTest.m in Sources */ = {isa = PBXBuildFile; fileRef = 08C0A5AA17FD0DAA00E76992 /* MKTCapturingMatcherTest.m */; };
		08C61DB314E23938003D0843 /* SenTestingKit.framework in Frameworks */ = {isa = PBXBuildFile; fileRef = 08C61DB214E23938003D0843 /* SenTestingKit.framework */; };
		08C61DB414E23938003D0843 /* SenTestingKit.framework in Frameworks */ = {isa = PBXBuildFile; fileRef = 08C61DB214E23938003D0843 /* SenTestingKit.framework */; };
		08D71AF217CDB8E300549C31 /* OCHamcrest.framework in Frameworks */ = {isa = PBXBuildFile; fileRef = 08D71AF017CDB8E300549C31 /* OCHamcrest.framework */; };
		08D71AF317CDB8E300549C31 /* OCHamcrest.framework in Frameworks */ = {isa = PBXBuildFile; fileRef = 08D71AF017CDB8E300549C31 /* OCHamcrest.framework */; };
		08D71AF817CDB8E300549C31 /* OCHamcrestIOS.framework in Frameworks */ = {isa = PBXBuildFile; fileRef = 08D71AF117CDB8E300549C31 /* OCHamcrestIOS.framework */; };
		08D71AF917CDB8E300549C31 /* OCHamcrestIOS.framework in Frameworks */ = {isa = PBXBuildFile; fileRef = 08D71AF117CDB8E300549C31 /* OCHamcrestIOS.framework */; };
		08D71AFA17CDBA2800549C31 /* OCHamcrest.framework in CopyFiles */ = {isa = PBXBuildFile; fileRef = 08D71AF017CDB8E300549C31 /* OCHamcrest.framework */; };
		08E1E74A136289C70066B0C7 /* MKTStubbedInvocationMatcher.h in Headers */ = {isa = PBXBuildFile; fileRef = 08E1E748136289C70066B0C7 /* MKTStubbedInvocationMatcher.h */; };
		08E1E74B136289C70066B0C7 /* MKTStubbedInvocationMatcher.h in Headers */ = {isa = PBXBuildFile; fileRef = 08E1E748136289C70066B0C7 /* MKTStubbedInvocationMatcher.h */; };
		08E1E74C136289C70066B0C7 /* MKTStubbedInvocationMatcher.m in Sources */ = {isa = PBXBuildFile; fileRef = 08E1E749136289C70066B0C7 /* MKTStubbedInvocationMatcher.m */; };
		08E1E74D136289C70066B0C7 /* MKTStubbedInvocationMatcher.m in Sources */ = {isa = PBXBuildFile; fileRef = 08E1E749136289C70066B0C7 /* MKTStubbedInvocationMatcher.m */; };
		08E1E74F13633BC10066B0C7 /* MKTPrimitiveArgumentMatching.h in Headers */ = {isa = PBXBuildFile; fileRef = 08E1E74E13633BC10066B0C7 /* MKTPrimitiveArgumentMatching.h */; settings = {ATTRIBUTES = (Public, ); }; };
		08E1E75013633BC10066B0C7 /* MKTPrimitiveArgumentMatching.h in Headers */ = {isa = PBXBuildFile; fileRef = 08E1E74E13633BC10066B0C7 /* MKTPrimitiveArgumentMatching.h */; settings = {ATTRIBUTES = (Public, ); }; };
		08E9DC1C15163D4600BD7FB4 /* VerifyClassObjectTest.m in Sources */ = {isa = PBXBuildFile; fileRef = 08E9DC1B15163D4600BD7FB4 /* VerifyClassObjectTest.m */; };
		08E9DC1D15163D4600BD7FB4 /* VerifyClassObjectTest.m in Sources */ = {isa = PBXBuildFile; fileRef = 08E9DC1B15163D4600BD7FB4 /* VerifyClassObjectTest.m */; };
		08E9DC231516738200BD7FB4 /* MKTObjectAndProtocolMock.h in Headers */ = {isa = PBXBuildFile; fileRef = 08E9DC211516738200BD7FB4 /* MKTObjectAndProtocolMock.h */; settings = {ATTRIBUTES = (Public, ); }; };
		08E9DC241516738200BD7FB4 /* MKTObjectAndProtocolMock.h in Headers */ = {isa = PBXBuildFile; fileRef = 08E9DC211516738200BD7FB4 /* MKTObjectAndProtocolMock.h */; settings = {ATTRIBUTES = (Public, ); }; };
		08E9DC251516738200BD7FB4 /* MKTObjectAndProtocolMock.m in Sources */ = {isa = PBXBuildFile; fileRef = 08E9DC221516738200BD7FB4 /* MKTObjectAndProtocolMock.m */; };
		08E9DC261516738200BD7FB4 /* MKTObjectAndProtocolMock.m in Sources */ = {isa = PBXBuildFile; fileRef = 08E9DC221516738200BD7FB4 /* MKTObjectAndProtocolMock.m */; };
		08E9DC281516739A00BD7FB4 /* MKTObjectAndProtocolMockTest.m in Sources */ = {isa = PBXBuildFile; fileRef = 08E9DC271516739A00BD7FB4 /* MKTObjectAndProtocolMockTest.m */; };
		08E9DC291516739A00BD7FB4 /* MKTObjectAndProtocolMockTest.m in Sources */ = {isa = PBXBuildFile; fileRef = 08E9DC271516739A00BD7FB4 /* MKTObjectAndProtocolMockTest.m */; };
		08E9DC2E1516777200BD7FB4 /* VerifyObjectAndProtocolTest.m in Sources */ = {isa = PBXBuildFile; fileRef = 08E9DC2D1516777100BD7FB4 /* VerifyObjectAndProtocolTest.m */; };
		08E9DC2F1516777200BD7FB4 /* VerifyObjectAndProtocolTest.m in Sources */ = {isa = PBXBuildFile; fileRef = 08E9DC2D1516777100BD7FB4 /* VerifyObjectAndProtocolTest.m */; };
		08F189E31359661E00F76379 /* MKTMockingProgressTest.m in Sources */ = {isa = PBXBuildFile; fileRef = 08F189E21359661E00F76379 /* MKTMockingProgressTest.m */; };
		08F189E41359661E00F76379 /* MKTMockingProgressTest.m in Sources */ = {isa = PBXBuildFile; fileRef = 08F189E21359661E00F76379 /* MKTMockingProgressTest.m */; };
		08F189FD135A6D1300F76379 /* MKTInvocationMatcherTest.m in Sources */ = {isa = PBXBuildFile; fileRef = 08F189FC135A6D1300F76379 /* MKTInvocationMatcherTest.m */; };
		08F189FE135A6D1300F76379 /* MKTInvocationMatcherTest.m in Sources */ = {isa = PBXBuildFile; fileRef = 08F189FC135A6D1300F76379 /* MKTInvocationMatcherTest.m */; };
		08F18A01135A6D8D00F76379 /* MKTInvocationMatcher.h in Headers */ = {isa = PBXBuildFile; fileRef = 08F189FF135A6D8C00F76379 /* MKTInvocationMatcher.h */; };
		08F18A02135A6D8D00F76379 /* MKTInvocationMatcher.h in Headers */ = {isa = PBXBuildFile; fileRef = 08F189FF135A6D8C00F76379 /* MKTInvocationMatcher.h */; };
		08F18A03135A6D8D00F76379 /* MKTInvocationMatcher.m in Sources */ = {isa = PBXBuildFile; fileRef = 08F18A00135A6D8C00F76379 /* MKTInvocationMatcher.m */; };
		08F18A04135A6D8D00F76379 /* MKTInvocationMatcher.m in Sources */ = {isa = PBXBuildFile; fileRef = 08F18A00135A6D8C00F76379 /* MKTInvocationMatcher.m */; };
		08FD4B201509A6C40004E1FA /* MockTestCase.m in Sources */ = {isa = PBXBuildFile; fileRef = 08FD4B1F1509A6C40004E1FA /* MockTestCase.m */; };
		08FD4B211509A6C40004E1FA /* MockTestCase.m in Sources */ = {isa = PBXBuildFile; fileRef = 08FD4B1F1509A6C40004E1FA /* MockTestCase.m */; };
		08FD4B231509A93B0004E1FA /* VerifyProtocolTest.m in Sources */ = {isa = PBXBuildFile; fileRef = 08FD4B221509A93B0004E1FA /* VerifyProtocolTest.m */; };
		08FD4B241509A93B0004E1FA /* VerifyProtocolTest.m in Sources */ = {isa = PBXBuildFile; fileRef = 08FD4B221509A93B0004E1FA /* VerifyProtocolTest.m */; };
		08FD4B261509B8740004E1FA /* StubProtocolTest.m in Sources */ = {isa = PBXBuildFile; fileRef = 08FD4B251509B8740004E1FA /* StubProtocolTest.m */; };
		08FD4B271509B8740004E1FA /* StubProtocolTest.m in Sources */ = {isa = PBXBuildFile; fileRef = 08FD4B251509B8740004E1FA /* StubProtocolTest.m */; };
		08FD4B2A1509BEA90004E1FA /* MKTBaseMockObject.h in Headers */ = {isa = PBXBuildFile; fileRef = 08FD4B281509BEA90004E1FA /* MKTBaseMockObject.h */; settings = {ATTRIBUTES = (Public, ); }; };
		08FD4B2B1509BEA90004E1FA /* MKTBaseMockObject.h in Headers */ = {isa = PBXBuildFile; fileRef = 08FD4B281509BEA90004E1FA /* MKTBaseMockObject.h */; settings = {ATTRIBUTES = (Public, ); }; };
		08FD4B2C1509BEA90004E1FA /* MKTBaseMockObject.m in Sources */ = {isa = PBXBuildFile; fileRef = 08FD4B291509BEA90004E1FA /* MKTBaseMockObject.m */; };
		08FD4B2D1509BEA90004E1FA /* MKTBaseMockObject.m in Sources */ = {isa = PBXBuildFile; fileRef = 08FD4B291509BEA90004E1FA /* MKTBaseMockObject.m */; };
		361533C6153F275800BB982B /* MKTAtLeastTimes.h in Headers */ = {isa = PBXBuildFile; fileRef = 361533C4153F275800BB982B /* MKTAtLeastTimes.h */; };
		361533C7153F275800BB982B /* MKTAtLeastTimes.m in Sources */ = {isa = PBXBuildFile; fileRef = 361533C5153F275800BB982B /* MKTAtLeastTimes.m */; };
		361533C9153F276300BB982B /* MKTAtLeastTimes.h in Headers */ = {isa = PBXBuildFile; fileRef = 361533C4153F275800BB982B /* MKTAtLeastTimes.h */; };
		361533CA153F276300BB982B /* MKTAtLeastTimes.m in Sources */ = {isa = PBXBuildFile; fileRef = 361533C5153F275800BB982B /* MKTAtLeastTimes.m */; };
		361533CC153F283800BB982B /* MKTAtLeastTimesTest.m in Sources */ = {isa = PBXBuildFile; fileRef = 361533CB153F283800BB982B /* MKTAtLeastTimesTest.m */; };
		361533CD153F283800BB982B /* MKTAtLeastTimesTest.m in Sources */ = {isa = PBXBuildFile; fileRef = 361533CB153F283800BB982B /* MKTAtLeastTimesTest.m */; };
		638F68D7150FC21A0081DEE6 /* MKTClassObjectMock.h in Headers */ = {isa = PBXBuildFile; fileRef = 638F68D5150FC21A0081DEE6 /* MKTClassObjectMock.h */; settings = {ATTRIBUTES = (Public, ); }; };
		638F68D8150FC21A0081DEE6 /* MKTClassObjectMock.h in Headers */ = {isa = PBXBuildFile; fileRef = 638F68D5150FC21A0081DEE6 /* MKTClassObjectMock.h */; settings = {ATTRIBUTES = (Public, ); }; };
		638F68D9150FC21A0081DEE6 /* MKTClassObjectMock.m in Sources */ = {isa = PBXBuildFile; fileRef = 638F68D6150FC21A0081DEE6 /* MKTClassObjectMock.m */; };
		638F68DA150FC21A0081DEE6 /* MKTClassObjectMock.m in Sources */ = {isa = PBXBuildFile; fileRef = 638F68D6150FC21A0081DEE6 /* MKTClassObjectMock.m */; };
		638F68DD150FC3210081DEE6 /* MKTClassObjectMockTest.m in Sources */ = {isa = PBXBuildFile; fileRef = 638F68DC150FC3210081DEE6 /* MKTClassObjectMockTest.m */; };
		638F68DE150FC3210081DEE6 /* MKTClassObjectMockTest.m in Sources */ = {isa = PBXBuildFile; fileRef = 638F68DC150FC3210081DEE6 /* MKTClassObjectMockTest.m */; };
		BB33341789FA6BC5D8626099 /* NSInvocation+TKAdditions.m in Sources */ = {isa = PBXBuildFile; fileRef = BB33364DC41A888C0E0DA542 /* NSInvocation+TKAdditions.m */; };
		BB33350FCF04694252E73AC0 /* MKTCapturingMatcher.m in Sources */ = {isa = PBXBuildFile; fileRef = BB33301F87D4AF0798945D04 /* MKTCapturingMatcher.m */; };
		BB33358A201321406097DDB8 /* MKTArgumentCaptor.m in Sources */ = {isa = PBXBuildFile; fileRef = BB33388DA6D7EA90B1B5897C /* MKTArgumentCaptor.m */; };
		BB3339CA3DE2639D2CC6BBE5 /* MKTArgumentCaptor.m in Sources */ = {isa = PBXBuildFile; fileRef = BB33388DA6D7EA90B1B5897C /* MKTArgumentCaptor.m */; };
		BB3339CB07B7B9D7EB2DED24 /* MKTArgumentCaptor.h in Headers */ = {isa = PBXBuildFile; fileRef = BB33338EB72A442ED6C94F84 /* MKTArgumentCaptor.h */; settings = {ATTRIBUTES = (Public, ); }; };
		BB333BBECB6490881B055192 /* MKTArgumentCaptor.h in Headers */ = {isa = PBXBuildFile; fileRef = BB33338EB72A442ED6C94F84 /* MKTArgumentCaptor.h */; settings = {ATTRIBUTES = (Public, ); }; };
		BB333C34005EB2306795E562 /* MKTCapturingMatcher.h in Headers */ = {isa = PBXBuildFile; fileRef = BB33384612B12F9C14B9CA07 /* MKTCapturingMatcher.h */; };
		BB333C4EF1FE02209FD55817 /* NSInvocation+TKAdditions.h in Headers */ = {isa = PBXBuildFile; fileRef = BB3336ACE4225D6B90159620 /* NSInvocation+TKAdditions.h */; };
		BB333D0D3FD6E3D3D9F1867B /* NSInvocation+TKAdditions.m in Sources */ = {isa = PBXBuildFile; fileRef = BB33364DC41A888C0E0DA542 /* NSInvocation+TKAdditions.m */; };
		BB333DB79D3D3AD95D4CF047 /* MKTCapturingMatcher.m in Sources */ = {isa = PBXBuildFile; fileRef = BB33301F87D4AF0798945D04 /* MKTCapturingMatcher.m */; };
		BB333EF99BA39A53A2F70A53 /* MKTCapturingMatcher.h in Headers */ = {isa = PBXBuildFile; fileRef = BB33384612B12F9C14B9CA07 /* MKTCapturingMatcher.h */; };
		BB333F04719B4E40829FB969 /* NSInvocation+TKAdditions.h in Headers */ = {isa = PBXBuildFile; fileRef = BB3336ACE4225D6B90159620 /* NSInvocation+TKAdditions.h */; };
/* End PBXBuildFile section */

/* Begin PBXContainerItemProxy section */
		085D30051351254000EBBE91 /* PBXContainerItemProxy */ = {
			isa = PBXContainerItemProxy;
			containerPortal = 08BDD59F1350C59C00E5A443 /* Project object */;
			proxyType = 1;
			remoteGlobalIDString = 085D2FF41351254000EBBE91;
			remoteInfo = libocmockito;
		};
		08BDD5C01350C59C00E5A443 /* PBXContainerItemProxy */ = {
			isa = PBXContainerItemProxy;
			containerPortal = 08BDD59F1350C59C00E5A443 /* Project object */;
			proxyType = 1;
			remoteGlobalIDString = 08BDD5A81350C59C00E5A443;
			remoteInfo = OCMockito;
		};
/* End PBXContainerItemProxy section */

/* Begin PBXCopyFilesBuildPhase section */
		08B8B595168402C50089604B /* CopyFiles */ = {
			isa = PBXCopyFilesBuildPhase;
			buildActionMask = 2147483647;
			dstPath = "";
			dstSubfolderSpec = 16;
			files = (
				08D71AFA17CDBA2800549C31 /* OCHamcrest.framework in CopyFiles */,
			);
			runOnlyForDeploymentPostprocessing = 0;
		};
/* End PBXCopyFilesBuildPhase section */

/* Begin PBXFileReference section */
		08068ED11505A59700FA2D8F /* MKTTestLocation.m */ = {isa = PBXFileReference; fileEncoding = 4; lastKnownFileType = sourcecode.c.objc; path = MKTTestLocation.m; sourceTree = "<group>"; };
		0827E83313526E7300C39A57 /* OCMockito.h */ = {isa = PBXFileReference; fileEncoding = 4; lastKnownFileType = sourcecode.c.h; path = OCMockito.h; sourceTree = "<group>"; };
		0827E83413526E7300C39A57 /* OCMockito.m */ = {isa = PBXFileReference; fileEncoding = 4; lastKnownFileType = sourcecode.c.objc; path = OCMockito.m; sourceTree = "<group>"; };
		0827E8401352B6FC00C39A57 /* MKTMockitoCore.h */ = {isa = PBXFileReference; fileEncoding = 4; lastKnownFileType = sourcecode.c.h; path = MKTMockitoCore.h; sourceTree = "<group>"; };
		0827E8411352B6FC00C39A57 /* MKTMockitoCore.m */ = {isa = PBXFileReference; fileEncoding = 4; lastKnownFileType = sourcecode.c.objc; path = MKTMockitoCore.m; sourceTree = "<group>"; };
		0827E8461352B7BE00C39A57 /* MKTMockingProgress.h */ = {isa = PBXFileReference; fileEncoding = 4; lastKnownFileType = sourcecode.c.h; path = MKTMockingProgress.h; sourceTree = "<group>"; };
		0827E8471352B7BF00C39A57 /* MKTMockingProgress.m */ = {isa = PBXFileReference; fileEncoding = 4; lastKnownFileType = sourcecode.c.objc; path = MKTMockingProgress.m; sourceTree = "<group>"; };
		0827E8521352BBBC00C39A57 /* MKTVerificationMode.h */ = {isa = PBXFileReference; fileEncoding = 4; lastKnownFileType = sourcecode.c.h; path = MKTVerificationMode.h; sourceTree = "<group>"; };
		0827E8551352BC1D00C39A57 /* MKTVerificationData.h */ = {isa = PBXFileReference; fileEncoding = 4; lastKnownFileType = sourcecode.c.h; path = MKTVerificationData.h; sourceTree = "<group>"; };
		0827E8641352C50400C39A57 /* MKTTestLocation.h */ = {isa = PBXFileReference; fileEncoding = 4; lastKnownFileType = sourcecode.c.h; path = MKTTestLocation.h; sourceTree = "<group>"; };
		0827E8671352CC6400C39A57 /* MKTExactTimes.h */ = {isa = PBXFileReference; fileEncoding = 4; lastKnownFileType = sourcecode.c.h; path = MKTExactTimes.h; sourceTree = "<group>"; };
		0827E8681352CC6400C39A57 /* MKTExactTimes.m */ = {isa = PBXFileReference; fileEncoding = 4; lastKnownFileType = sourcecode.c.objc; path = MKTExactTimes.m; sourceTree = "<group>"; };
		0827E86D1353E30400C39A57 /* MKTVerificationData.m */ = {isa = PBXFileReference; fileEncoding = 4; lastKnownFileType = sourcecode.c.objc; path = MKTVerificationData.m; sourceTree = "<group>"; };
		0827E8701353EAD900C39A57 /* MKTInvocationContainer.h */ = {isa = PBXFileReference; fileEncoding = 4; lastKnownFileType = sourcecode.c.h; path = MKTInvocationContainer.h; sourceTree = "<group>"; };
		0827E8711353EAD900C39A57 /* MKTInvocationContainer.m */ = {isa = PBXFileReference; fileEncoding = 4; lastKnownFileType = sourcecode.c.objc; path = MKTInvocationContainer.m; sourceTree = "<group>"; };
		085A8BC6150718E30018EC66 /* MKTProtocolMockTest.m */ = {isa = PBXFileReference; fileEncoding = 4; lastKnownFileType = sourcecode.c.objc; path = MKTProtocolMockTest.m; sourceTree = "<group>"; };
		085A8BC915071F7A0018EC66 /* MKTProtocolMock.h */ = {isa = PBXFileReference; fileEncoding = 4; lastKnownFileType = sourcecode.c.h; path = MKTProtocolMock.h; sourceTree = "<group>"; };
		085A8BCA15071F7A0018EC66 /* MKTProtocolMock.m */ = {isa = PBXFileReference; fileEncoding = 4; lastKnownFileType = sourcecode.c.objc; path = MKTProtocolMock.m; sourceTree = "<group>"; };
		085CE8F1172A0D43004D070D /* BlockMatchingTest.m */ = {isa = PBXFileReference; fileEncoding = 4; lastKnownFileType = sourcecode.c.objc; path = BlockMatchingTest.m; sourceTree = "<group>"; };
		085CE8F8172A1DCA004D070D /* CHANGES.md */ = {isa = PBXFileReference; lastKnownFileType = text; name = CHANGES.md; path = ../CHANGES.md; sourceTree = "<group>"; };
		085D2FB11351080400EBBE91 /* VerifyObjectTest.m */ = {isa = PBXFileReference; fileEncoding = 4; lastKnownFileType = sourcecode.c.objc; path = VerifyObjectTest.m; sourceTree = "<group>"; };
		085D2FB31351082800EBBE91 /* MKTObjectMock.h */ = {isa = PBXFileReference; fileEncoding = 4; lastKnownFileType = sourcecode.c.h; path = MKTObjectMock.h; sourceTree = "<group>"; };
		085D2FB41351082800EBBE91 /* MKTObjectMock.m */ = {isa = PBXFileReference; fileEncoding = 4; lastKnownFileType = sourcecode.c.objc; path = MKTObjectMock.m; sourceTree = "<group>"; };
		085D2FF51351254000EBBE91 /* libocmockito.a */ = {isa = PBXFileReference; explicitFileType = archive.ar; includeInIndex = 0; path = libocmockito.a; sourceTree = BUILT_PRODUCTS_DIR; };
		085D2FFF1351254000EBBE91 /* libocmockitoTests.octest */ = {isa = PBXFileReference; explicitFileType = wrapper.cfbundle; includeInIndex = 0; path = libocmockitoTests.octest; sourceTree = BUILT_PRODUCTS_DIR; };
		086C6D57163C5C7F00307026 /* Warnings.xcconfig */ = {isa = PBXFileReference; lastKnownFileType = text.xcconfig; path = Warnings.xcconfig; sourceTree = "<group>"; };
		089A8C2213552DE7003E7D27 /* MKTObjectMockTest.m */ = {isa = PBXFileReference; fileEncoding = 4; lastKnownFileType = sourcecode.c.objc; path = MKTObjectMockTest.m; sourceTree = "<group>"; };
		089A8C3113555D0C003E7D27 /* StubObjectTest.m */ = {isa = PBXFileReference; fileEncoding = 4; lastKnownFileType = sourcecode.c.objc; path = StubObjectTest.m; sourceTree = "<group>"; };
		089A8C341356A7BA003E7D27 /* MKTOngoingStubbing.h */ = {isa = PBXFileReference; fileEncoding = 4; lastKnownFileType = sourcecode.c.h; path = MKTOngoingStubbing.h; sourceTree = "<group>"; };
		089A8C351356A7BB003E7D27 /* MKTOngoingStubbing.m */ = {isa = PBXFileReference; fileEncoding = 4; lastKnownFileType = sourcecode.c.objc; path = MKTOngoingStubbing.m; sourceTree = "<group>"; };
		08BDD5A91350C59C00E5A443 /* OCMockito.framework */ = {isa = PBXFileReference; explicitFileType = wrapper.framework; includeInIndex = 0; path = OCMockito.framework; sourceTree = BUILT_PRODUCTS_DIR; };
		08BDD5B11350C59C00E5A443 /* Foundation.framework */ = {isa = PBXFileReference; lastKnownFileType = wrapper.framework; name = Foundation.framework; path = System/Library/Frameworks/Foundation.framework; sourceTree = SDKROOT; };
		08BDD5BE1350C59C00E5A443 /* OCMockitoTests.octest */ = {isa = PBXFileReference; explicitFileType = wrapper.cfbundle; includeInIndex = 0; path = OCMockitoTests.octest; sourceTree = BUILT_PRODUCTS_DIR; };
		08BED07F1350DE4900CCBF76 /* OCMockito-Info.plist */ = {isa = PBXFileReference; lastKnownFileType = text.plist.xml; path = "OCMockito-Info.plist"; sourceTree = "<group>"; };
		08BED0801350DE4900CCBF76 /* OCMockito-Prefix.pch */ = {isa = PBXFileReference; lastKnownFileType = sourcecode.c.h; path = "OCMockito-Prefix.pch"; sourceTree = "<group>"; };
		08BED0811350DE4900CCBF76 /* Tests-Info.plist */ = {isa = PBXFileReference; lastKnownFileType = text.plist.xml; path = "Tests-Info.plist"; sourceTree = "<group>"; };
		08C0A5A717FBDF6C00E76992 /* ArgumentCaptorTest.m */ = {isa = PBXFileReference; fileEncoding = 4; lastKnownFileType = sourcecode.c.objc; path = ArgumentCaptorTest.m; sourceTree = "<group>"; };
		08C0A5AA17FD0DAA00E76992 /* MKTCapturingMatcherTest.m */ = {isa = PBXFileReference; fileEncoding = 4; lastKnownFileType = sourcecode.c.objc; path = MKTCapturingMatcherTest.m; sourceTree = "<group>"; };
		08C61DB214E23938003D0843 /* SenTestingKit.framework */ = {isa = PBXFileReference; lastKnownFileType = wrapper.framework; name = SenTestingKit.framework; path = Library/Frameworks/SenTestingKit.framework; sourceTree = DEVELOPER_DIR; };
		08D71AF017CDB8E300549C31 /* OCHamcrest.framework */ = {isa = PBXFileReference; lastKnownFileType = wrapper.framework; name = OCHamcrest.framework; path = "../Frameworks/OCHamcrest-3.0.0/OCHamcrest.framework"; sourceTree = "<group>"; };
		08D71AF117CDB8E300549C31 /* OCHamcrestIOS.framework */ = {isa = PBXFileReference; lastKnownFileType = wrapper.framework; name = OCHamcrestIOS.framework; path = "../Frameworks/OCHamcrest-3.0.0/OCHamcrestIOS.framework"; sourceTree = "<group>"; };
		08E1E748136289C70066B0C7 /* MKTStubbedInvocationMatcher.h */ = {isa = PBXFileReference; fileEncoding = 4; lastKnownFileType = sourcecode.c.h; path = MKTStubbedInvocationMatcher.h; sourceTree = "<group>"; };
		08E1E749136289C70066B0C7 /* MKTStubbedInvocationMatcher.m */ = {isa = PBXFileReference; fileEncoding = 4; lastKnownFileType = sourcecode.c.objc; path = MKTStubbedInvocationMatcher.m; sourceTree = "<group>"; };
		08E1E74E13633BC10066B0C7 /* MKTPrimitiveArgumentMatching.h */ = {isa = PBXFileReference; fileEncoding = 4; lastKnownFileType = sourcecode.c.h; path = MKTPrimitiveArgumentMatching.h; sourceTree = "<group>"; };
		08E9DC1B15163D4600BD7FB4 /* VerifyClassObjectTest.m */ = {isa = PBXFileReference; fileEncoding = 4; lastKnownFileType = sourcecode.c.objc; path = VerifyClassObjectTest.m; sourceTree = "<group>"; };
		08E9DC211516738200BD7FB4 /* MKTObjectAndProtocolMock.h */ = {isa = PBXFileReference; fileEncoding = 4; lastKnownFileType = sourcecode.c.h; path = MKTObjectAndProtocolMock.h; sourceTree = "<group>"; };
		08E9DC221516738200BD7FB4 /* MKTObjectAndProtocolMock.m */ = {isa = PBXFileReference; fileEncoding = 4; lastKnownFileType = sourcecode.c.objc; path = MKTObjectAndProtocolMock.m; sourceTree = "<group>"; };
		08E9DC271516739A00BD7FB4 /* MKTObjectAndProtocolMockTest.m */ = {isa = PBXFileReference; fileEncoding = 4; lastKnownFileType = sourcecode.c.objc; path = MKTObjectAndProtocolMockTest.m; sourceTree = "<group>"; };
		08E9DC2D1516777100BD7FB4 /* VerifyObjectAndProtocolTest.m */ = {isa = PBXFileReference; fileEncoding = 4; lastKnownFileType = sourcecode.c.objc; path = VerifyObjectAndProtocolTest.m; sourceTree = "<group>"; };
		08F189E21359661E00F76379 /* MKTMockingProgressTest.m */ = {isa = PBXFileReference; fileEncoding = 4; lastKnownFileType = sourcecode.c.objc; path = MKTMockingProgressTest.m; sourceTree = "<group>"; };
		08F189FC135A6D1300F76379 /* MKTInvocationMatcherTest.m */ = {isa = PBXFileReference; fileEncoding = 4; lastKnownFileType = sourcecode.c.objc; path = MKTInvocationMatcherTest.m; sourceTree = "<group>"; };
		08F189FF135A6D8C00F76379 /* MKTInvocationMatcher.h */ = {isa = PBXFileReference; fileEncoding = 4; lastKnownFileType = sourcecode.c.h; path = MKTInvocationMatcher.h; sourceTree = "<group>"; };
		08F18A00135A6D8C00F76379 /* MKTInvocationMatcher.m */ = {isa = PBXFileReference; fileEncoding = 4; lastKnownFileType = sourcecode.c.objc; path = MKTInvocationMatcher.m; sourceTree = "<group>"; };
		08FD4B1E1509A6C40004E1FA /* MockTestCase.h */ = {isa = PBXFileReference; fileEncoding = 4; lastKnownFileType = sourcecode.c.h; path = MockTestCase.h; sourceTree = "<group>"; };
		08FD4B1F1509A6C40004E1FA /* MockTestCase.m */ = {isa = PBXFileReference; fileEncoding = 4; lastKnownFileType = sourcecode.c.objc; path = MockTestCase.m; sourceTree = "<group>"; };
		08FD4B221509A93B0004E1FA /* VerifyProtocolTest.m */ = {isa = PBXFileReference; fileEncoding = 4; lastKnownFileType = sourcecode.c.objc; path = VerifyProtocolTest.m; sourceTree = "<group>"; };
		08FD4B251509B8740004E1FA /* StubProtocolTest.m */ = {isa = PBXFileReference; fileEncoding = 4; lastKnownFileType = sourcecode.c.objc; path = StubProtocolTest.m; sourceTree = "<group>"; };
		08FD4B281509BEA90004E1FA /* MKTBaseMockObject.h */ = {isa = PBXFileReference; fileEncoding = 4; lastKnownFileType = sourcecode.c.h; path = MKTBaseMockObject.h; sourceTree = "<group>"; };
		08FD4B291509BEA90004E1FA /* MKTBaseMockObject.m */ = {isa = PBXFileReference; fileEncoding = 4; lastKnownFileType = sourcecode.c.objc; path = MKTBaseMockObject.m; sourceTree = "<group>"; };
		361533C4153F275800BB982B /* MKTAtLeastTimes.h */ = {isa = PBXFileReference; fileEncoding = 4; lastKnownFileType = sourcecode.c.h; path = MKTAtLeastTimes.h; sourceTree = "<group>"; };
		361533C5153F275800BB982B /* MKTAtLeastTimes.m */ = {isa = PBXFileReference; fileEncoding = 4; lastKnownFileType = sourcecode.c.objc; path = MKTAtLeastTimes.m; sourceTree = "<group>"; };
		361533CB153F283800BB982B /* MKTAtLeastTimesTest.m */ = {isa = PBXFileReference; fileEncoding = 4; lastKnownFileType = sourcecode.c.objc; path = MKTAtLeastTimesTest.m; sourceTree = "<group>"; };
		638F68D5150FC21A0081DEE6 /* MKTClassObjectMock.h */ = {isa = PBXFileReference; fileEncoding = 4; lastKnownFileType = sourcecode.c.h; path = MKTClassObjectMock.h; sourceTree = "<group>"; };
		638F68D6150FC21A0081DEE6 /* MKTClassObjectMock.m */ = {isa = PBXFileReference; fileEncoding = 4; lastKnownFileType = sourcecode.c.objc; path = MKTClassObjectMock.m; sourceTree = "<group>"; };
		638F68DC150FC3210081DEE6 /* MKTClassObjectMockTest.m */ = {isa = PBXFileReference; fileEncoding = 4; lastKnownFileType = sourcecode.c.objc; path = MKTClassObjectMockTest.m; sourceTree = "<group>"; };
		BB33301F87D4AF0798945D04 /* MKTCapturingMatcher.m */ = {isa = PBXFileReference; fileEncoding = 4; lastKnownFileType = sourcecode.c.objc; path = MKTCapturingMatcher.m; sourceTree = "<group>"; };
		BB33338EB72A442ED6C94F84 /* MKTArgumentCaptor.h */ = {isa = PBXFileReference; fileEncoding = 4; lastKnownFileType = sourcecode.c.h; path = MKTArgumentCaptor.h; sourceTree = "<group>"; };
		BB33364DC41A888C0E0DA542 /* NSInvocation+TKAdditions.m */ = {isa = PBXFileReference; fileEncoding = 4; lastKnownFileType = sourcecode.c.objc; path = "NSInvocation+TKAdditions.m"; sourceTree = "<group>"; };
		BB3336ACE4225D6B90159620 /* NSInvocation+TKAdditions.h */ = {isa = PBXFileReference; fileEncoding = 4; lastKnownFileType = sourcecode.c.h; path = "NSInvocation+TKAdditions.h"; sourceTree = "<group>"; };
		BB33384612B12F9C14B9CA07 /* MKTCapturingMatcher.h */ = {isa = PBXFileReference; fileEncoding = 4; lastKnownFileType = sourcecode.c.h; path = MKTCapturingMatcher.h; sourceTree = "<group>"; };
		BB33388DA6D7EA90B1B5897C /* MKTArgumentCaptor.m */ = {isa = PBXFileReference; fileEncoding = 4; lastKnownFileType = sourcecode.c.objc; path = MKTArgumentCaptor.m; sourceTree = "<group>"; };
/* End PBXFileReference section */

/* Begin PBXFrameworksBuildPhase section */
		085D2FF21351254000EBBE91 /* Frameworks */ = {
			isa = PBXFrameworksBuildPhase;
			buildActionMask = 2147483647;
			files = (
				085D2FF61351254000EBBE91 /* Foundation.framework in Frameworks */,
				08D71AF817CDB8E300549C31 /* OCHamcrestIOS.framework in Frameworks */,
			);
			runOnlyForDeploymentPostprocessing = 0;
		};
		085D2FFB1351254000EBBE91 /* Frameworks */ = {
			isa = PBXFrameworksBuildPhase;
			buildActionMask = 2147483647;
			files = (
				085D30021351254000EBBE91 /* Foundation.framework in Frameworks */,
				085D30071351254000EBBE91 /* libocmockito.a in Frameworks */,
				08C61DB414E23938003D0843 /* SenTestingKit.framework in Frameworks */,
				08D71AF917CDB8E300549C31 /* OCHamcrestIOS.framework in Frameworks */,
			);
			runOnlyForDeploymentPostprocessing = 0;
		};
		08BDD5A51350C59C00E5A443 /* Frameworks */ = {
			isa = PBXFrameworksBuildPhase;
			buildActionMask = 2147483647;
			files = (
				085D2FB71351087400EBBE91 /* Foundation.framework in Frameworks */,
				08D71AF217CDB8E300549C31 /* OCHamcrest.framework in Frameworks */,
			);
			runOnlyForDeploymentPostprocessing = 0;
		};
		08BDD5BA1350C59C00E5A443 /* Frameworks */ = {
			isa = PBXFrameworksBuildPhase;
			buildActionMask = 2147483647;
			files = (
				08BDD5C21350C59C00E5A443 /* OCMockito.framework in Frameworks */,
				085D2FB81351087500EBBE91 /* Foundation.framework in Frameworks */,
				08C61DB314E23938003D0843 /* SenTestingKit.framework in Frameworks */,
				08D71AF317CDB8E300549C31 /* OCHamcrest.framework in Frameworks */,
			);
			runOnlyForDeploymentPostprocessing = 0;
		};
/* End PBXFrameworksBuildPhase section */

/* Begin PBXGroup section */
		08BDD59D1350C59C00E5A443 = {
			isa = PBXGroup;
			children = (
				085CE8F8172A1DCA004D070D /* CHANGES.md */,
				08BDD5B21350C59C00E5A443 /* OCMockito */,
				08BDD5C31350C59C00E5A443 /* Tests */,
				08BED0781350DD8900CCBF76 /* Supporting Files */,
				08BDD5AB1350C59C00E5A443 /* Frameworks */,
				08BDD5AA1350C59C00E5A443 /* Products */,
			);
			sourceTree = "<group>";
			usesTabs = 0;
		};
		08BDD5AA1350C59C00E5A443 /* Products */ = {
			isa = PBXGroup;
			children = (
				08BDD5A91350C59C00E5A443 /* OCMockito.framework */,
				08BDD5BE1350C59C00E5A443 /* OCMockitoTests.octest */,
				085D2FF51351254000EBBE91 /* libocmockito.a */,
				085D2FFF1351254000EBBE91 /* libocmockitoTests.octest */,
			);
			name = Products;
			sourceTree = "<group>";
		};
		08BDD5AB1350C59C00E5A443 /* Frameworks */ = {
			isa = PBXGroup;
			children = (
				08BDD5B11350C59C00E5A443 /* Foundation.framework */,
				08C61DB214E23938003D0843 /* SenTestingKit.framework */,
				08D71AF017CDB8E300549C31 /* OCHamcrest.framework */,
				08D71AF117CDB8E300549C31 /* OCHamcrestIOS.framework */,
			);
			name = Frameworks;
			sourceTree = "<group>";
		};
		08BDD5B21350C59C00E5A443 /* OCMockito */ = {
			isa = PBXGroup;
			children = (
				0827E83313526E7300C39A57 /* OCMockito.h */,
				0827E83413526E7300C39A57 /* OCMockito.m */,
				BB33338EB72A442ED6C94F84 /* MKTArgumentCaptor.h */,
				BB33388DA6D7EA90B1B5897C /* MKTArgumentCaptor.m */,
				08FD4B281509BEA90004E1FA /* MKTBaseMockObject.h */,
				08FD4B291509BEA90004E1FA /* MKTBaseMockObject.m */,
				BB33384612B12F9C14B9CA07 /* MKTCapturingMatcher.h */,
				BB33301F87D4AF0798945D04 /* MKTCapturingMatcher.m */,
				638F68D5150FC21A0081DEE6 /* MKTClassObjectMock.h */,
				638F68D6150FC21A0081DEE6 /* MKTClassObjectMock.m */,
				085D2FB31351082800EBBE91 /* MKTObjectMock.h */,
				085D2FB41351082800EBBE91 /* MKTObjectMock.m */,
				08E9DC211516738200BD7FB4 /* MKTObjectAndProtocolMock.h */,
				08E9DC221516738200BD7FB4 /* MKTObjectAndProtocolMock.m */,
				085A8BC915071F7A0018EC66 /* MKTProtocolMock.h */,
				085A8BCA15071F7A0018EC66 /* MKTProtocolMock.m */,
				0827E8701353EAD900C39A57 /* MKTInvocationContainer.h */,
				0827E8711353EAD900C39A57 /* MKTInvocationContainer.m */,
				08F189FF135A6D8C00F76379 /* MKTInvocationMatcher.h */,
				08F18A00135A6D8C00F76379 /* MKTInvocationMatcher.m */,
				0827E8401352B6FC00C39A57 /* MKTMockitoCore.h */,
				0827E8411352B6FC00C39A57 /* MKTMockitoCore.m */,
				0827E8461352B7BE00C39A57 /* MKTMockingProgress.h */,
				0827E8471352B7BF00C39A57 /* MKTMockingProgress.m */,
				089A8C341356A7BA003E7D27 /* MKTOngoingStubbing.h */,
				089A8C351356A7BB003E7D27 /* MKTOngoingStubbing.m */,
				08E1E74E13633BC10066B0C7 /* MKTPrimitiveArgumentMatching.h */,
				08E1E748136289C70066B0C7 /* MKTStubbedInvocationMatcher.h */,
				08E1E749136289C70066B0C7 /* MKTStubbedInvocationMatcher.m */,
				0827E8641352C50400C39A57 /* MKTTestLocation.h */,
				08068ED11505A59700FA2D8F /* MKTTestLocation.m */,
				0827E8671352CC6400C39A57 /* MKTExactTimes.h */,
				0827E8681352CC6400C39A57 /* MKTExactTimes.m */,
				361533C4153F275800BB982B /* MKTAtLeastTimes.h */,
				361533C5153F275800BB982B /* MKTAtLeastTimes.m */,
				0827E8551352BC1D00C39A57 /* MKTVerificationData.h */,
				0827E86D1353E30400C39A57 /* MKTVerificationData.m */,
				0827E8521352BBBC00C39A57 /* MKTVerificationMode.h */,
				BB3336ACE4225D6B90159620 /* NSInvocation+TKAdditions.h */,
				BB33364DC41A888C0E0DA542 /* NSInvocation+TKAdditions.m */,
			);
			path = OCMockito;
			sourceTree = "<group>";
		};
		08BDD5C31350C59C00E5A443 /* Tests */ = {
			isa = PBXGroup;
			children = (
				08C0A5A717FBDF6C00E76992 /* ArgumentCaptorTest.m */,
				361533CB153F283800BB982B /* MKTAtLeastTimesTest.m */,
				08C0A5AA17FD0DAA00E76992 /* MKTCapturingMatcherTest.m */,
				638F68DC150FC3210081DEE6 /* MKTClassObjectMockTest.m */,
				089A8C2213552DE7003E7D27 /* MKTObjectMockTest.m */,
				08E9DC271516739A00BD7FB4 /* MKTObjectAndProtocolMockTest.m */,
				085A8BC6150718E30018EC66 /* MKTProtocolMockTest.m */,
				08F189FC135A6D1300F76379 /* MKTInvocationMatcherTest.m */,
				08F189E21359661E00F76379 /* MKTMockingProgressTest.m */,
				085CE8F1172A0D43004D070D /* BlockMatchingTest.m */,
				08FD4B1E1509A6C40004E1FA /* MockTestCase.h */,
				08FD4B1F1509A6C40004E1FA /* MockTestCase.m */,
				089A8C3113555D0C003E7D27 /* StubObjectTest.m */,
				08FD4B251509B8740004E1FA /* StubProtocolTest.m */,
				08E9DC1B15163D4600BD7FB4 /* VerifyClassObjectTest.m */,
				08FD4B221509A93B0004E1FA /* VerifyProtocolTest.m */,
				085D2FB11351080400EBBE91 /* VerifyObjectTest.m */,
				08E9DC2D1516777100BD7FB4 /* VerifyObjectAndProtocolTest.m */,
			);
			path = Tests;
			sourceTree = "<group>";
		};
		08BED0781350DD8900CCBF76 /* Supporting Files */ = {
			isa = PBXGroup;
			children = (
				08BED07F1350DE4900CCBF76 /* OCMockito-Info.plist */,
				08BED0801350DE4900CCBF76 /* OCMockito-Prefix.pch */,
				086C6D57163C5C7F00307026 /* Warnings.xcconfig */,
				08BED0811350DE4900CCBF76 /* Tests-Info.plist */,
			);
			name = "Supporting Files";
			sourceTree = "<group>";
		};
/* End PBXGroup section */

/* Begin PBXHeadersBuildPhase section */
		085D2FF31351254000EBBE91 /* Headers */ = {
			isa = PBXHeadersBuildPhase;
			buildActionMask = 2147483647;
			files = (
				0827E83F1352B1C000C39A57 /* OCMockito.h in Headers */,
				0827E8431352B6FC00C39A57 /* MKTMockitoCore.h in Headers */,
				0827E8491352B7BF00C39A57 /* MKTMockingProgress.h in Headers */,
				0827E8541352BBBC00C39A57 /* MKTVerificationMode.h in Headers */,
				0827E8571352BC1D00C39A57 /* MKTVerificationData.h in Headers */,
				0827E8661352C50400C39A57 /* MKTTestLocation.h in Headers */,
				0827E86A1352CC6400C39A57 /* MKTExactTimes.h in Headers */,
				0827E8731353EAD900C39A57 /* MKTInvocationContainer.h in Headers */,
				089A8C371356A7BB003E7D27 /* MKTOngoingStubbing.h in Headers */,
				08F18A02135A6D8D00F76379 /* MKTInvocationMatcher.h in Headers */,
				08E1E74B136289C70066B0C7 /* MKTStubbedInvocationMatcher.h in Headers */,
				08E1E75013633BC10066B0C7 /* MKTPrimitiveArgumentMatching.h in Headers */,
				086F86E8146A41350050F00E /* MKTObjectMock.h in Headers */,
				085A8BCC15071F7B0018EC66 /* MKTProtocolMock.h in Headers */,
				08FD4B2B1509BEA90004E1FA /* MKTBaseMockObject.h in Headers */,
				638F68D8150FC21A0081DEE6 /* MKTClassObjectMock.h in Headers */,
				08E9DC241516738200BD7FB4 /* MKTObjectAndProtocolMock.h in Headers */,
				361533C9153F276300BB982B /* MKTAtLeastTimes.h in Headers */,
				BB333BBECB6490881B055192 /* MKTArgumentCaptor.h in Headers */,
				BB333EF99BA39A53A2F70A53 /* MKTCapturingMatcher.h in Headers */,
				BB333C4EF1FE02209FD55817 /* NSInvocation+TKAdditions.h in Headers */,
			);
			runOnlyForDeploymentPostprocessing = 0;
		};
		08BDD5A61350C59C00E5A443 /* Headers */ = {
			isa = PBXHeadersBuildPhase;
			buildActionMask = 2147483647;
			files = (
				085D2FB51351082800EBBE91 /* MKTObjectMock.h in Headers */,
				0827E83D1352B1AE00C39A57 /* OCMockito.h in Headers */,
				0827E8421352B6FC00C39A57 /* MKTMockitoCore.h in Headers */,
				0827E8481352B7BF00C39A57 /* MKTMockingProgress.h in Headers */,
				0827E8531352BBBC00C39A57 /* MKTVerificationMode.h in Headers */,
				0827E8561352BC1D00C39A57 /* MKTVerificationData.h in Headers */,
				0827E8651352C50400C39A57 /* MKTTestLocation.h in Headers */,
				0827E8691352CC6400C39A57 /* MKTExactTimes.h in Headers */,
				0827E8721353EAD900C39A57 /* MKTInvocationContainer.h in Headers */,
				089A8C361356A7BB003E7D27 /* MKTOngoingStubbing.h in Headers */,
				08F18A01135A6D8D00F76379 /* MKTInvocationMatcher.h in Headers */,
				08E1E74A136289C70066B0C7 /* MKTStubbedInvocationMatcher.h in Headers */,
				08E1E74F13633BC10066B0C7 /* MKTPrimitiveArgumentMatching.h in Headers */,
				085A8BCB15071F7B0018EC66 /* MKTProtocolMock.h in Headers */,
				08FD4B2A1509BEA90004E1FA /* MKTBaseMockObject.h in Headers */,
				638F68D7150FC21A0081DEE6 /* MKTClassObjectMock.h in Headers */,
				08E9DC231516738200BD7FB4 /* MKTObjectAndProtocolMock.h in Headers */,
				361533C6153F275800BB982B /* MKTAtLeastTimes.h in Headers */,
				BB3339CB07B7B9D7EB2DED24 /* MKTArgumentCaptor.h in Headers */,
				BB333C34005EB2306795E562 /* MKTCapturingMatcher.h in Headers */,
				BB333F04719B4E40829FB969 /* NSInvocation+TKAdditions.h in Headers */,
			);
			runOnlyForDeploymentPostprocessing = 0;
		};
/* End PBXHeadersBuildPhase section */

/* Begin PBXNativeTarget section */
		085D2FF41351254000EBBE91 /* libocmockito */ = {
			isa = PBXNativeTarget;
			buildConfigurationList = 085D30131351254000EBBE91 /* Build configuration list for PBXNativeTarget "libocmockito" */;
			buildPhases = (
				085D2FF11351254000EBBE91 /* Sources */,
				085D2FF21351254000EBBE91 /* Frameworks */,
				085D2FF31351254000EBBE91 /* Headers */,
				08AEC30E1468E668008731C7 /* ShellScript */,
			);
			buildRules = (
			);
			dependencies = (
			);
			name = libocmockito;
			productName = libocmockito;
			productReference = 085D2FF51351254000EBBE91 /* libocmockito.a */;
			productType = "com.apple.product-type.library.static";
		};
		085D2FFE1351254000EBBE91 /* libocmockitoTests */ = {
			isa = PBXNativeTarget;
			buildConfigurationList = 085D30161351254000EBBE91 /* Build configuration list for PBXNativeTarget "libocmockitoTests" */;
			buildPhases = (
				085D2FFA1351254000EBBE91 /* Sources */,
				085D2FFB1351254000EBBE91 /* Frameworks */,
				085D2FFC1351254000EBBE91 /* Resources */,
				085D2FFD1351254000EBBE91 /* ShellScript */,
			);
			buildRules = (
			);
			dependencies = (
				085D30061351254000EBBE91 /* PBXTargetDependency */,
			);
			name = libocmockitoTests;
			productName = libocmockitoTests;
			productReference = 085D2FFF1351254000EBBE91 /* libocmockitoTests.octest */;
			productType = "com.apple.product-type.bundle";
		};
		08BDD5A81350C59C00E5A443 /* OCMockito */ = {
			isa = PBXNativeTarget;
			buildConfigurationList = 08BDD5D01350C59C00E5A443 /* Build configuration list for PBXNativeTarget "OCMockito" */;
			buildPhases = (
				08BDD5A41350C59C00E5A443 /* Sources */,
				08BDD5A51350C59C00E5A443 /* Frameworks */,
				08BDD5A61350C59C00E5A443 /* Headers */,
				08BDD5A71350C59C00E5A443 /* Resources */,
				08D9A4A3169A472F00D95213 /* ShellScript */,
			);
			buildRules = (
			);
			dependencies = (
			);
			name = OCMockito;
			productName = OCMockito;
			productReference = 08BDD5A91350C59C00E5A443 /* OCMockito.framework */;
			productType = "com.apple.product-type.framework";
		};
		08BDD5BD1350C59C00E5A443 /* OCMockitoTests */ = {
			isa = PBXNativeTarget;
			buildConfigurationList = 08BDD5D31350C59C00E5A443 /* Build configuration list for PBXNativeTarget "OCMockitoTests" */;
			buildPhases = (
				08BDD5B91350C59C00E5A443 /* Sources */,
				08BDD5BA1350C59C00E5A443 /* Frameworks */,
				08B8B595168402C50089604B /* CopyFiles */,
				08BDD5BC1350C59C00E5A443 /* ShellScript */,
			);
			buildRules = (
			);
			dependencies = (
				08BDD5C11350C59C00E5A443 /* PBXTargetDependency */,
			);
			name = OCMockitoTests;
			productName = OCMockitoTests;
			productReference = 08BDD5BE1350C59C00E5A443 /* OCMockitoTests.octest */;
			productType = "com.apple.product-type.bundle";
		};
/* End PBXNativeTarget section */

/* Begin PBXProject section */
		08BDD59F1350C59C00E5A443 /* Project object */ = {
			isa = PBXProject;
			attributes = {
				LastUpgradeCheck = 0500;
				ORGANIZATIONNAME = "Jonathan M. Reid";
			};
			buildConfigurationList = 08BDD5A21350C59C00E5A443 /* Build configuration list for PBXProject "OCMockito" */;
			compatibilityVersion = "Xcode 3.2";
			developmentRegion = English;
			hasScannedForEncodings = 0;
			knownRegions = (
				en,
			);
			mainGroup = 08BDD59D1350C59C00E5A443;
			productRefGroup = 08BDD5AA1350C59C00E5A443 /* Products */;
			projectDirPath = "";
			projectRoot = "";
			targets = (
				08BDD5A81350C59C00E5A443 /* OCMockito */,
				08BDD5BD1350C59C00E5A443 /* OCMockitoTests */,
				085D2FF41351254000EBBE91 /* libocmockito */,
				085D2FFE1351254000EBBE91 /* libocmockitoTests */,
				088DCADC1874B772004F1019 /* OCLint */,
			);
		};
/* End PBXProject section */

/* Begin PBXResourcesBuildPhase section */
		085D2FFC1351254000EBBE91 /* Resources */ = {
			isa = PBXResourcesBuildPhase;
			buildActionMask = 2147483647;
			files = (
			);
			runOnlyForDeploymentPostprocessing = 0;
		};
		08BDD5A71350C59C00E5A443 /* Resources */ = {
			isa = PBXResourcesBuildPhase;
			buildActionMask = 2147483647;
			files = (
			);
			runOnlyForDeploymentPostprocessing = 0;
		};
/* End PBXResourcesBuildPhase section */

/* Begin PBXShellScriptBuildPhase section */
		085D2FFD1351254000EBBE91 /* ShellScript */ = {
			isa = PBXShellScriptBuildPhase;
			buildActionMask = 2147483647;
			files = (
			);
			inputPaths = (
			);
			outputPaths = (
			);
			runOnlyForDeploymentPostprocessing = 0;
			shellPath = /bin/sh;
			shellScript = "# Run the unit tests in this test bundle.\n\"${SYSTEM_DEVELOPER_DIR}/Tools/RunUnitTests\"\n";
		};
		088DCAE01874B77A004F1019 /* ShellScript */ = {
			isa = PBXShellScriptBuildPhase;
			buildActionMask = 2147483647;
			files = (
			);
			inputPaths = (
			);
			outputPaths = (
			);
			runOnlyForDeploymentPostprocessing = 0;
			shellPath = /bin/sh;
			shellScript = "source ~/.bash_profile\ncd ${SRCROOT}\n\"${XCTOOL_HOME}/xctool.sh\" -project OCMockito.xcodeproj -scheme OCMockito clean > /dev/null\n\"${XCTOOL_HOME}/xctool.sh\" -project OCMockito.xcodeproj -scheme OCMockito -reporter json-compilation-database:compile_commands.json build\noclint-json-compilation-database -- -rc=LONG_LINE=120 -rc=SHORT_VARIABLE_NAME=0 | sed 's/\\(.*\\.\\m\\{1,2\\}:[0-9]*:[0-9]*:\\)/\\1 warning:/'\n";
		};
		08AEC30E1468E668008731C7 /* ShellScript */ = {
			isa = PBXShellScriptBuildPhase;
			buildActionMask = 2147483647;
			files = (
			);
			inputPaths = (
			);
			outputPaths = (
			);
			runOnlyForDeploymentPostprocessing = 0;
			shellPath = /bin/sh;
			shellScript = XcodeCoverage/exportenv.sh;
		};
		08BDD5BC1350C59C00E5A443 /* ShellScript */ = {
			isa = PBXShellScriptBuildPhase;
			buildActionMask = 2147483647;
			files = (
			);
			inputPaths = (
			);
			outputPaths = (
			);
			runOnlyForDeploymentPostprocessing = 0;
			shellPath = /bin/sh;
			shellScript = "# Run the unit tests in this test bundle.\n\"${SYSTEM_DEVELOPER_DIR}/Tools/RunUnitTests\"\n";
		};
		08D9A4A3169A472F00D95213 /* ShellScript */ = {
			isa = PBXShellScriptBuildPhase;
			buildActionMask = 2147483647;
			files = (
			);
			inputPaths = (
			);
			outputPaths = (
			);
			runOnlyForDeploymentPostprocessing = 0;
			shellPath = /bin/sh;
			shellScript = XcodeCoverage/exportenv.sh;
		};
/* End PBXShellScriptBuildPhase section */

/* Begin PBXSourcesBuildPhase section */
		085D2FF11351254000EBBE91 /* Sources */ = {
			isa = PBXSourcesBuildPhase;
			buildActionMask = 2147483647;
			files = (
				085D301F1351267D00EBBE91 /* MKTObjectMock.m in Sources */,
				0827E8451352B6FC00C39A57 /* MKTMockitoCore.m in Sources */,
				0827E84B1352B7BF00C39A57 /* MKTMockingProgress.m in Sources */,
				0827E86C1352CC6400C39A57 /* MKTExactTimes.m in Sources */,
				0827E86F1353E30400C39A57 /* MKTVerificationData.m in Sources */,
				0827E8751353EAD900C39A57 /* MKTInvocationContainer.m in Sources */,
				089A8C391356A7BB003E7D27 /* MKTOngoingStubbing.m in Sources */,
				08F18A04135A6D8D00F76379 /* MKTInvocationMatcher.m in Sources */,
				08E1E74D136289C70066B0C7 /* MKTStubbedInvocationMatcher.m in Sources */,
				085EECDA146A4D53001CF010 /* OCMockito.m in Sources */,
				08068ED31505A59700FA2D8F /* MKTTestLocation.m in Sources */,
				085A8BCE15071F7B0018EC66 /* MKTProtocolMock.m in Sources */,
				08FD4B2D1509BEA90004E1FA /* MKTBaseMockObject.m in Sources */,
				638F68DA150FC21A0081DEE6 /* MKTClassObjectMock.m in Sources */,
				08E9DC261516738200BD7FB4 /* MKTObjectAndProtocolMock.m in Sources */,
				361533CA153F276300BB982B /* MKTAtLeastTimes.m in Sources */,
				BB3339CA3DE2639D2CC6BBE5 /* MKTArgumentCaptor.m in Sources */,
				BB333DB79D3D3AD95D4CF047 /* MKTCapturingMatcher.m in Sources */,
				BB333D0D3FD6E3D3D9F1867B /* NSInvocation+TKAdditions.m in Sources */,
			);
			runOnlyForDeploymentPostprocessing = 0;
		};
		085D2FFA1351254000EBBE91 /* Sources */ = {
			isa = PBXSourcesBuildPhase;
			buildActionMask = 2147483647;
			files = (
				08C0A5AC17FD0DAA00E76992 /* MKTCapturingMatcherTest.m in Sources */,
				085D3020135126BC00EBBE91 /* VerifyObjectTest.m in Sources */,
				089A8C2413552DE7003E7D27 /* MKTObjectMockTest.m in Sources */,
				089A8C3313555D0C003E7D27 /* StubObjectTest.m in Sources */,
				08F189E41359661E00F76379 /* MKTMockingProgressTest.m in Sources */,
				08F189FE135A6D1300F76379 /* MKTInvocationMatcherTest.m in Sources */,
				085A8BC8150718E30018EC66 /* MKTProtocolMockTest.m in Sources */,
				08FD4B211509A6C40004E1FA /* MockTestCase.m in Sources */,
				08FD4B241509A93B0004E1FA /* VerifyProtocolTest.m in Sources */,
				08FD4B271509B8740004E1FA /* StubProtocolTest.m in Sources */,
				638F68DE150FC3210081DEE6 /* MKTClassObjectMockTest.m in Sources */,
				08C0A5A917FBDF6C00E76992 /* ArgumentCaptorTest.m in Sources */,
				08E9DC1D15163D4600BD7FB4 /* VerifyClassObjectTest.m in Sources */,
				08E9DC291516739A00BD7FB4 /* MKTObjectAndProtocolMockTest.m in Sources */,
				08E9DC2F1516777200BD7FB4 /* VerifyObjectAndProtocolTest.m in Sources */,
				361533CD153F283800BB982B /* MKTAtLeastTimesTest.m in Sources */,
				085CE8F6172A1BCC004D070D /* BlockMatchingTest.m in Sources */,
			);
			runOnlyForDeploymentPostprocessing = 0;
		};
		08BDD5A41350C59C00E5A443 /* Sources */ = {
			isa = PBXSourcesBuildPhase;
			buildActionMask = 2147483647;
			files = (
				085D2FB61351082800EBBE91 /* MKTObjectMock.m in Sources */,
				0827E8441352B6FC00C39A57 /* MKTMockitoCore.m in Sources */,
				0827E84A1352B7BF00C39A57 /* MKTMockingProgress.m in Sources */,
				0827E86B1352CC6400C39A57 /* MKTExactTimes.m in Sources */,
				0827E86E1353E30400C39A57 /* MKTVerificationData.m in Sources */,
				0827E8741353EAD900C39A57 /* MKTInvocationContainer.m in Sources */,
				089A8C381356A7BB003E7D27 /* MKTOngoingStubbing.m in Sources */,
				08F18A03135A6D8D00F76379 /* MKTInvocationMatcher.m in Sources */,
				08E1E74C136289C70066B0C7 /* MKTStubbedInvocationMatcher.m in Sources */,
				085EECD9146A4D52001CF010 /* OCMockito.m in Sources */,
				08068ED21505A59700FA2D8F /* MKTTestLocation.m in Sources */,
				085A8BCD15071F7B0018EC66 /* MKTProtocolMock.m in Sources */,
				08FD4B2C1509BEA90004E1FA /* MKTBaseMockObject.m in Sources */,
				638F68D9150FC21A0081DEE6 /* MKTClassObjectMock.m in Sources */,
				08E9DC251516738200BD7FB4 /* MKTObjectAndProtocolMock.m in Sources */,
				361533C7153F275800BB982B /* MKTAtLeastTimes.m in Sources */,
				BB33358A201321406097DDB8 /* MKTArgumentCaptor.m in Sources */,
				BB33350FCF04694252E73AC0 /* MKTCapturingMatcher.m in Sources */,
				BB33341789FA6BC5D8626099 /* NSInvocation+TKAdditions.m in Sources */,
			);
			runOnlyForDeploymentPostprocessing = 0;
		};
		08BDD5B91350C59C00E5A443 /* Sources */ = {
			isa = PBXSourcesBuildPhase;
			buildActionMask = 2147483647;
			files = (
				08C0A5AB17FD0DAA00E76992 /* MKTCapturingMatcherTest.m in Sources */,
				085D2FB21351080400EBBE91 /* VerifyObjectTest.m in Sources */,
				089A8C2313552DE7003E7D27 /* MKTObjectMockTest.m in Sources */,
				089A8C3213555D0C003E7D27 /* StubObjectTest.m in Sources */,
				08F189E31359661E00F76379 /* MKTMockingProgressTest.m in Sources */,
				08F189FD135A6D1300F76379 /* MKTInvocationMatcherTest.m in Sources */,
				085A8BC7150718E30018EC66 /* MKTProtocolMockTest.m in Sources */,
				08FD4B201509A6C40004E1FA /* MockTestCase.m in Sources */,
				08FD4B231509A93B0004E1FA /* VerifyProtocolTest.m in Sources */,
				08FD4B261509B8740004E1FA /* StubProtocolTest.m in Sources */,
				638F68DD150FC3210081DEE6 /* MKTClassObjectMockTest.m in Sources */,
				08C0A5A817FBDF6C00E76992 /* ArgumentCaptorTest.m in Sources */,
				08E9DC1C15163D4600BD7FB4 /* VerifyClassObjectTest.m in Sources */,
				08E9DC281516739A00BD7FB4 /* MKTObjectAndProtocolMockTest.m in Sources */,
				08E9DC2E1516777200BD7FB4 /* VerifyObjectAndProtocolTest.m in Sources */,
				361533CC153F283800BB982B /* MKTAtLeastTimesTest.m in Sources */,
				085CE8F5172A1BCA004D070D /* BlockMatchingTest.m in Sources */,
			);
			runOnlyForDeploymentPostprocessing = 0;
		};
/* End PBXSourcesBuildPhase section */

/* Begin PBXTargetDependency section */
		085D30061351254000EBBE91 /* PBXTargetDependency */ = {
			isa = PBXTargetDependency;
			target = 085D2FF41351254000EBBE91 /* libocmockito */;
			targetProxy = 085D30051351254000EBBE91 /* PBXContainerItemProxy */;
		};
		08BDD5C11350C59C00E5A443 /* PBXTargetDependency */ = {
			isa = PBXTargetDependency;
			target = 08BDD5A81350C59C00E5A443 /* OCMockito */;
			targetProxy = 08BDD5C01350C59C00E5A443 /* PBXContainerItemProxy */;
		};
/* End PBXTargetDependency section */

/* Begin XCBuildConfiguration section */
		085D30141351254000EBBE91 /* Debug */ = {
			isa = XCBuildConfiguration;
			buildSettings = {
				ARCHS = "$(ARCHS_STANDARD)";
				CLANG_ENABLE_OBJC_ARC = YES;
				DSTROOT = /tmp/libocmockito.dst;
				FRAMEWORK_SEARCH_PATHS = (
					"$(inherited)",
					"\"$(SRCROOT)\"",
					"\"$(SRCROOT)/../Frameworks/OCHamcrest-3.0.0\"",
				);
				GCC_WARN_ABOUT_RETURN_TYPE = YES;
				GCC_WARN_UNUSED_VARIABLE = YES;
				PRODUCT_NAME = ocmockito;
				SDKROOT = iphoneos;
			};
			name = Debug;
		};
		085D30151351254000EBBE91 /* Release */ = {
			isa = XCBuildConfiguration;
			buildSettings = {
				ARCHS = "$(ARCHS_STANDARD)";
				CLANG_ENABLE_OBJC_ARC = YES;
				DSTROOT = /tmp/libocmockito.dst;
				FRAMEWORK_SEARCH_PATHS = (
					"$(inherited)",
					"\"$(SRCROOT)\"",
					"\"$(SRCROOT)/../Frameworks/OCHamcrest-3.0.0\"",
				);
				GCC_WARN_ABOUT_RETURN_TYPE = YES;
				GCC_WARN_UNUSED_VARIABLE = YES;
				PRODUCT_NAME = ocmockito;
				SDKROOT = iphoneos;
			};
			name = Release;
		};
		085D30171351254000EBBE91 /* Debug */ = {
			isa = XCBuildConfiguration;
			buildSettings = {
				ARCHS = "$(ARCHS_STANDARD)";
				CLANG_ENABLE_OBJC_ARC = YES;
				FRAMEWORK_SEARCH_PATHS = (
					"$(SDKROOT)/Developer/Library/Frameworks",
					"$(DEVELOPER_LIBRARY_DIR)/Frameworks",
					"\"$(SRCROOT)\"",
					"\"$(SRCROOT)/../Frameworks/OCHamcrest-3.0.0\"",
				);
				GCC_WARN_ABOUT_RETURN_TYPE = YES;
				GCC_WARN_UNUSED_VARIABLE = YES;
				INFOPLIST_FILE = "Tests-Info.plist";
				PRODUCT_NAME = "$(TARGET_NAME)";
				SDKROOT = iphoneos;
				WRAPPER_EXTENSION = octest;
			};
			name = Debug;
		};
		085D30181351254000EBBE91 /* Release */ = {
			isa = XCBuildConfiguration;
			buildSettings = {
				ARCHS = "$(ARCHS_STANDARD)";
				CLANG_ENABLE_OBJC_ARC = YES;
				FRAMEWORK_SEARCH_PATHS = (
					"$(SDKROOT)/Developer/Library/Frameworks",
					"$(DEVELOPER_LIBRARY_DIR)/Frameworks",
					"\"$(SRCROOT)\"",
					"\"$(SRCROOT)/../Frameworks/OCHamcrest-3.0.0\"",
				);
				GCC_WARN_ABOUT_RETURN_TYPE = YES;
				GCC_WARN_UNUSED_VARIABLE = YES;
				INFOPLIST_FILE = "Tests-Info.plist";
				PRODUCT_NAME = "$(TARGET_NAME)";
				SDKROOT = iphoneos;
				WRAPPER_EXTENSION = octest;
			};
			name = Release;
		};
		088DCADD1874B772004F1019 /* Debug */ = {
			isa = XCBuildConfiguration;
			buildSettings = {
				PRODUCT_NAME = "$(TARGET_NAME)";
			};
			name = Debug;
		};
		088DCADE1874B772004F1019 /* Release */ = {
			isa = XCBuildConfiguration;
			buildSettings = {
				PRODUCT_NAME = "$(TARGET_NAME)";
			};
			name = Release;
		};
		08BDD5CE1350C59C00E5A443 /* Debug */ = {
			isa = XCBuildConfiguration;
			baseConfigurationReference = 086C6D57163C5C7F00307026 /* Warnings.xcconfig */;
			buildSettings = {
				ALWAYS_SEARCH_USER_PATHS = NO;
				COPY_PHASE_STRIP = NO;
				DEBUG_INFORMATION_FORMAT = dwarf;
				GCC_C_LANGUAGE_STANDARD = gnu99;
				GCC_GENERATE_TEST_COVERAGE_FILES = YES;
				GCC_INSTRUMENT_PROGRAM_FLOW_ARCS = YES;
				GCC_OPTIMIZATION_LEVEL = 0;
				GCC_PRECOMPILE_PREFIX_HEADER = YES;
				GCC_PREFIX_HEADER = "OCMockito-Prefix.pch";
				GCC_PREPROCESSOR_DEFINITIONS = DEBUG;
				GCC_SYMBOLS_PRIVATE_EXTERN = NO;
				GCC_VERSION = "";
				GCC_WARN_UNDECLARED_SELECTOR = YES;
				IPHONEOS_DEPLOYMENT_TARGET = 5.0;
				MACOSX_DEPLOYMENT_TARGET = 10.7;
				ONLY_ACTIVE_ARCH = YES;
				RUN_CLANG_STATIC_ANALYZER = NO;
			};
			name = Debug;
		};
		08BDD5CF1350C59C00E5A443 /* Release */ = {
			isa = XCBuildConfiguration;
			buildSettings = {
				ALWAYS_SEARCH_USER_PATHS = NO;
				DEBUG_INFORMATION_FORMAT = "dwarf-with-dsym";
				GCC_C_LANGUAGE_STANDARD = gnu99;
				GCC_PRECOMPILE_PREFIX_HEADER = YES;
				GCC_PREFIX_HEADER = "OCMockito-Prefix.pch";
				GCC_VERSION = "";
				GCC_WARN_UNDECLARED_SELECTOR = YES;
				IPHONEOS_DEPLOYMENT_TARGET = 5.0;
				MACOSX_DEPLOYMENT_TARGET = 10.7;
			};
			name = Release;
		};
		08BDD5D11350C59C00E5A443 /* Debug */ = {
			isa = XCBuildConfiguration;
			buildSettings = {
				ARCHS = "$(ARCHS_STANDARD_64_BIT)";
				CLANG_ENABLE_OBJC_ARC = YES;
				COMBINE_HIDPI_IMAGES = YES;
				DYLIB_COMPATIBILITY_VERSION = 1;
				DYLIB_CURRENT_VERSION = 1;
				FRAMEWORK_SEARCH_PATHS = (
					"$(inherited)",
					"\"$(SRCROOT)\"",
					"\"$(SRCROOT)/../Frameworks/OCHamcrest-3.0.0\"",
				);
				FRAMEWORK_VERSION = A;
				GCC_DYNAMIC_NO_PIC = NO;
				GCC_ENABLE_OBJC_EXCEPTIONS = YES;
				GCC_ENABLE_OBJC_GC = unsupported;
				INFOPLIST_FILE = "OCMockito-Info.plist";
				PRODUCT_NAME = "$(TARGET_NAME)";
				SDKROOT = macosx;
				WRAPPER_EXTENSION = framework;
			};
			name = Debug;
		};
		08BDD5D21350C59C00E5A443 /* Release */ = {
			isa = XCBuildConfiguration;
			buildSettings = {
				ARCHS = "$(ARCHS_STANDARD_64_BIT)";
				CLANG_ENABLE_OBJC_ARC = YES;
				COMBINE_HIDPI_IMAGES = YES;
				DYLIB_COMPATIBILITY_VERSION = 1;
				DYLIB_CURRENT_VERSION = 1;
				FRAMEWORK_SEARCH_PATHS = (
					"$(inherited)",
					"\"$(SRCROOT)\"",
					"\"$(SRCROOT)/../Frameworks/OCHamcrest-3.0.0\"",
				);
				FRAMEWORK_VERSION = A;
				GCC_ENABLE_OBJC_EXCEPTIONS = YES;
				GCC_ENABLE_OBJC_GC = unsupported;
				INFOPLIST_FILE = "OCMockito-Info.plist";
				PRODUCT_NAME = "$(TARGET_NAME)";
				SDKROOT = macosx;
				WRAPPER_EXTENSION = framework;
			};
			name = Release;
		};
		08BDD5D41350C59C00E5A443 /* Debug */ = {
			isa = XCBuildConfiguration;
			buildSettings = {
				ARCHS = "$(ARCHS_STANDARD_64_BIT)";
				CLANG_ENABLE_OBJC_ARC = YES;
				COMBINE_HIDPI_IMAGES = YES;
				FRAMEWORK_SEARCH_PATHS = (
					"$(DEVELOPER_LIBRARY_DIR)/Frameworks",
					"\"$(SRCROOT)\"",
					"\"$(SRCROOT)/../Frameworks/OCHamcrest-3.0.0\"",
				);
				GCC_DYNAMIC_NO_PIC = NO;
				GCC_ENABLE_OBJC_EXCEPTIONS = YES;
				GCC_ENABLE_OBJC_GC = unsupported;
				INFOPLIST_FILE = "Tests-Info.plist";
				MACOSX_DEPLOYMENT_TARGET = 10.6.8;
				PRODUCT_NAME = "$(TARGET_NAME)";
				SDKROOT = macosx;
				WRAPPER_EXTENSION = octest;
			};
			name = Debug;
		};
		08BDD5D51350C59C00E5A443 /* Release */ = {
			isa = XCBuildConfiguration;
			buildSettings = {
				ARCHS = "$(ARCHS_STANDARD_64_BIT)";
				CLANG_ENABLE_OBJC_ARC = YES;
				COMBINE_HIDPI_IMAGES = YES;
				FRAMEWORK_SEARCH_PATHS = (
					"$(DEVELOPER_LIBRARY_DIR)/Frameworks",
					"\"$(SRCROOT)\"",
					"\"$(SRCROOT)/../Frameworks/OCHamcrest-3.0.0\"",
				);
				GCC_ENABLE_OBJC_EXCEPTIONS = YES;
				GCC_ENABLE_OBJC_GC = unsupported;
				INFOPLIST_FILE = "Tests-Info.plist";
				MACOSX_DEPLOYMENT_TARGET = 10.6.8;
				PRODUCT_NAME = "$(TARGET_NAME)";
				SDKROOT = macosx;
				WRAPPER_EXTENSION = octest;
			};
			name = Release;
		};
/* End XCBuildConfiguration section */

/* Begin XCConfigurationList section */
		085D30131351254000EBBE91 /* Build configuration list for PBXNativeTarget "libocmockito" */ = {
			isa = XCConfigurationList;
			buildConfigurations = (
				085D30141351254000EBBE91 /* Debug */,
				085D30151351254000EBBE91 /* Release */,
			);
			defaultConfigurationIsVisible = 0;
			defaultConfigurationName = Release;
		};
		085D30161351254000EBBE91 /* Build configuration list for PBXNativeTarget "libocmockitoTests" */ = {
			isa = XCConfigurationList;
			buildConfigurations = (
				085D30171351254000EBBE91 /* Debug */,
				085D30181351254000EBBE91 /* Release */,
			);
			defaultConfigurationIsVisible = 0;
			defaultConfigurationName = Release;
		};
		088DCADF1874B772004F1019 /* Build configuration list for PBXAggregateTarget "OCLint" */ = {
			isa = XCConfigurationList;
			buildConfigurations = (
				088DCADD1874B772004F1019 /* Debug */,
				088DCADE1874B772004F1019 /* Release */,
			);
			defaultConfigurationIsVisible = 0;
			defaultConfigurationName = Release;
		};
		08BDD5A21350C59C00E5A443 /* Build configuration list for PBXProject "OCMockito" */ = {
			isa = XCConfigurationList;
			buildConfigurations = (
				08BDD5CE1350C59C00E5A443 /* Debug */,
				08BDD5CF1350C59C00E5A443 /* Release */,
			);
			defaultConfigurationIsVisible = 0;
			defaultConfigurationName = Release;
		};
		08BDD5D01350C59C00E5A443 /* Build configuration list for PBXNativeTarget "OCMockito" */ = {
			isa = XCConfigurationList;
			buildConfigurations = (
				08BDD5D11350C59C00E5A443 /* Debug */,
				08BDD5D21350C59C00E5A443 /* Release */,
			);
			defaultConfigurationIsVisible = 0;
			defaultConfigurationName = Release;
		};
		08BDD5D31350C59C00E5A443 /* Build configuration list for PBXNativeTarget "OCMockitoTests" */ = {
			isa = XCConfigurationList;
			buildConfigurations = (
				08BDD5D41350C59C00E5A443 /* Debug */,
				08BDD5D51350C59C00E5A443 /* Release */,
			);
			defaultConfigurationIsVisible = 0;
			defaultConfigurationName = Release;
		};
/* End XCConfigurationList section */
	};
	rootObject = 08BDD59F1350C59C00E5A443 /* Project object */;
}
